Microsoft Visual Studio Solution File, Format Version 12.00
# Visual Studio Version 17
VisualStudioVersion = 17.0.31903.59
MinimumVisualStudioVersion = 10.0.40219.1
Project("{FAE04EC0-301F-11D3-BF4B-00C04F79EFBC}") = "InteriorInventory.Android", "InteriorInventory.Android\InteriorInventory.Android.csproj", "{D8B6A5AE-0FEA-45B4-8AB5-DB6F7A4ACD11}"
EndProject
Project("{FAE04EC0-301F-11D3-BF4B-00C04F79EFBC}") = "InteriorInventory", "InventoryManager.csproj", "{7F13E3E8-C12B-440F-AB12-B24DD8A798BC}"
EndProject
Global
    GlobalSection(SolutionConfigurationPlatforms) = preSolution
        Debug|Any CPU = Debug|Any CPU
        Release|Any CPU = Release|Any CPU
    EndGlobalSection
    GlobalSection(ProjectConfigurationPlatforms) = postSolution
        {D8B6A5AE-0FEA-45B4-8AB5-DB6F7A4ACD11}.Debug|Any CPU.ActiveCfg = Debug|Any CPU
        {D8B6A5AE-0FEA-45B4-8AB5-DB6F7A4ACD11}.Debug|Any CPU.Build.0 = Debug|Any CPU
        {7F13E3E8-C12B-440F-AB12-B24DD8A798BC}.Debug|Any CPU.ActiveCfg = Debug|Any CPU
        {7F13E3E8-C12B-440F-AB12-B24DD8A798BC}.Debug|Any CPU.Build.0 = Debug|Any CPU
        {D8B6A5AE-0FEA-45B4-8AB5-DB6F7A4ACD11}.Release|Any CPU.ActiveCfg = Release|Any CPU
        {D8B6A5AE-0FEA-45B4-8AB5-DB6F7A4ACD11}.Release|Any CPU.Build.0 = Release|Any CPU
        {7F13E3E8-C12B-440F-AB12-B24DD8A798BC}.Release|Any CPU.ActiveCfg = Release|Any CPU
        {7F13E3E8-C12B-440F-AB12-B24DD8A798BC}.Release|Any CPU.Build.0 = Release|Any CPU
    EndGlobalSection
EndGlobal
